
Microsoft Visual Studio Solution File, Format Version 12.00
# Visual Studio Version 16
VisualStudioVersion = 16.0.32106.194
MinimumVisualStudioVersion = 10.0.40219.1
Project("{9A19103F-16F7-4668-BE54-9A1E7A4F7556}") = "GadgetReview.Web", "GadgetReview.Web\GadgetReview.Web.csproj", "{E1C2DC88-70D1-4B2F-9046-2F8CBC930285}"
EndProject
Project("{9A19103F-16F7-4668-BE54-9A1E7A4F7556}") = "GadgetReview.Models", "GadgetReview.Models\GadgetReview.Models.csproj", "{B3DD806A-5C88-487F-925A-B43CEA08923C}"
EndProject
Project("{FAE04EC0-301F-11D3-BF4B-00C04F79EFBC}") = "GadgetReview.Repository", "GadgetReview.Repository\GadgetReview.Repository.csproj", "{ECEB118B-D8C2-44E9-A380-4546BDBB741B}"
EndProject
Project("{FAE04EC0-301F-11D3-BF4B-00C04F79EFBC}") = "GadgetReview.Identity", "GadgetReview.Identity\GadgetReview.Identity.csproj", "{4DEC815F-2E4F-44F1-BDDB-D1A5277E08D6}"
EndProject
Project("{FAE04EC0-301F-11D3-BF4B-00C04F79EFBC}") = "GadgetReview.Services", "GadgetReview.Services\GadgetReview.Services.csproj", "{6D917B8F-A1C5-4408-A045-F884A04B9EA4}"
EndProject
Global
	GlobalSection(SolutionConfigurationPlatforms) = preSolution
		Debug|Any CPU = Debug|Any CPU
		Release|Any CPU = Release|Any CPU
	EndGlobalSection
	GlobalSection(ProjectConfigurationPlatforms) = postSolution
		{E1C2DC88-70D1-4B2F-9046-2F8CBC930285}.Debug|Any CPU.ActiveCfg = Debug|Any CPU
		{E1C2DC88-70D1-4B2F-9046-2F8CBC930285}.Debug|Any CPU.Build.0 = Debug|Any CPU
		{E1C2DC88-70D1-4B2F-9046-2F8CBC930285}.Release|Any CPU.ActiveCfg = Release|Any CPU
		{E1C2DC88-70D1-4B2F-9046-2F8CBC930285}.Release|Any CPU.Build.0 = Release|Any CPU
		{B3DD806A-5C88-487F-925A-B43CEA08923C}.Debug|Any CPU.ActiveCfg = Debug|Any CPU
		{B3DD806A-5C88-487F-925A-B43CEA08923C}.Debug|Any CPU.Build.0 = Debug|Any CPU
		{B3DD806A-5C88-487F-925A-B43CEA08923C}.Release|Any CPU.ActiveCfg = Release|Any CPU
		{B3DD806A-5C88-487F-925A-B43CEA08923C}.Release|Any CPU.Build.0 = Release|Any CPU
		{ECEB118B-D8C2-44E9-A380-4546BDBB741B}.Debug|Any CPU.ActiveCfg = Debug|Any CPU
		{ECEB118B-D8C2-44E9-A380-4546BDBB741B}.Debug|Any CPU.Build.0 = Debug|Any CPU
		{ECEB118B-D8C2-44E9-A380-4546BDBB741B}.Release|Any CPU.ActiveCfg = Release|Any CPU
		{ECEB118B-D8C2-44E9-A380-4546BDBB741B}.Release|Any CPU.Build.0 = Release|Any CPU
		{4DEC815F-2E4F-44F1-BDDB-D1A5277E08D6}.Debug|Any CPU.ActiveCfg = Debug|Any CPU
		{4DEC815F-2E4F-44F1-BDDB-D1A5277E08D6}.Debug|Any CPU.Build.0 = Debug|Any CPU
		{4DEC815F-2E4F-44F1-BDDB-D1A5277E08D6}.Release|Any CPU.ActiveCfg = Release|Any CPU
		{4DEC815F-2E4F-44F1-BDDB-D1A5277E08D6}.Release|Any CPU.Build.0 = Release|Any CPU
		{6D917B8F-A1C5-4408-A045-F884A04B9EA4}.Debug|Any CPU.ActiveCfg = Debug|Any CPU
		{6D917B8F-A1C5-4408-A045-F884A04B9EA4}.Debug|Any CPU.Build.0 = Debug|Any CPU
		{6D917B8F-A1C5-4408-A045-F884A04B9EA4}.Release|Any CPU.ActiveCfg = Release|Any CPU
		{6D917B8F-A1C5-4408-A045-F884A04B9EA4}.Release|Any CPU.Build.0 = Release|Any CPU
	EndGlobalSection
	GlobalSection(SolutionProperties) = preSolution
		HideSolutionNode = FALSE
	EndGlobalSection
	GlobalSection(ExtensibilityGlobals) = postSolution
		SolutionGuid = {6CBD6319-E586-4541-98BC-378700E9DAA7}
	EndGlobalSection
EndGlobal
